# This file is automatically @generated by Cargo.
# It is not intended for manual editing.
[[package]]
name = "getargs"
version = "0.4.1"
source = "registry+https://github.com/rust-lang/crates.io-index"

[[package]]
name = "rustyecho"
version = "0.1.0"
dependencies = [
 "getargs 0.4.1 (registry+https://github.com/rust-lang/crates.io-index)",
]

[metadata]
"checksum getargs 0.4.1 (registry+https://github.com/rust-lang/crates.io-index)" = "9cfacaadcc56dafd87f2eab940162f1b41008c1752af63d1a1e29b542cb04cf1"
